
Microsoft Visual Studio Solution File, Format Version 12.00
# Visual Studio Version 17
VisualStudioVersion = 17.8.34004.107
MinimumVisualStudioVersion = 16.0.0.0
Project("{FAE04EC0-301F-11D3-BF4B-00C04F79EFBC}") = "YamlLocalizationTests", "Yaml.Localization\YamlLocalizationTests\YamlLocalizationTests.csproj", "{D3858C7F-963C-4F02-A808-9BEAF7CBE6D2}"
EndProject
Project("{FAE04EC0-301F-11D3-BF4B-00C04F79EFBC}") = "YamlLocalizationSimulatedResourcePathTests", "Yaml.Localization\SimulatedResourcePathTests\YamlLocalizationSimulatedResourcePathTests.csproj", "{9D2FE573-5806-4B32-BB3F-D165A96118C5}"
EndProject
Project("{FAE04EC0-301F-11D3-BF4B-00C04F79EFBC}") = "YamlLocalizationMixedNamespaceTests", "Yaml.Localization\MixedNamespaceTests\YamlLocalizationMixedNamespaceTests.csproj", "{7EFCAB22-814F-41E0-8FEB-C239E22B7B30}"
EndProject
Project("{FAE04EC0-301F-11D3-BF4B-00C04F79EFBC}") = "Benchmark", "Yaml.Localization\Benchmark\Benchmark.csproj", "{F264F8AF-9C1C-4127-A810-6A61E53484B6}"
EndProject
Project("{2150E333-8FDC-42A3-9474-1A3956D46DE8}") = "src", "src", "{827E0CD3-B72D-47B6-A68D-7590B98EB39B}"
EndProject
Project("{FAE04EC0-301F-11D3-BF4B-00C04F79EFBC}") = "Yaml.Localization", "..\src\Yaml.Localization\src\Yaml.Localization.csproj", "{D094903C-14E0-4FE5-B993-7CFE2B2F0E7D}"
EndProject
Global
	GlobalSection(SolutionConfigurationPlatforms) = preSolution
		Debug|Any CPU = Debug|Any CPU
		Debug|x64 = Debug|x64
		Debug|x86 = Debug|x86
		Release|Any CPU = Release|Any CPU
		Release|x64 = Release|x64
		Release|x86 = Release|x86
	EndGlobalSection
	GlobalSection(ProjectConfigurationPlatforms) = postSolution
		{D3858C7F-963C-4F02-A808-9BEAF7CBE6D2}.Debug|Any CPU.ActiveCfg = Debug|Any CPU
		{D3858C7F-963C-4F02-A808-9BEAF7CBE6D2}.Debug|Any CPU.Build.0 = Debug|Any CPU
		{D3858C7F-963C-4F02-A808-9BEAF7CBE6D2}.Debug|x64.ActiveCfg = Debug|Any CPU
		{D3858C7F-963C-4F02-A808-9BEAF7CBE6D2}.Debug|x64.Build.0 = Debug|Any CPU
		{D3858C7F-963C-4F02-A808-9BEAF7CBE6D2}.Debug|x86.ActiveCfg = Debug|Any CPU
		{D3858C7F-963C-4F02-A808-9BEAF7CBE6D2}.Debug|x86.Build.0 = Debug|Any CPU
		{D3858C7F-963C-4F02-A808-9BEAF7CBE6D2}.Release|Any CPU.ActiveCfg = Release|Any CPU
		{D3858C7F-963C-4F02-A808-9BEAF7CBE6D2}.Release|Any CPU.Build.0 = Release|Any CPU
		{D3858C7F-963C-4F02-A808-9BEAF7CBE6D2}.Release|x64.ActiveCfg = Release|Any CPU
		{D3858C7F-963C-4F02-A808-9BEAF7CBE6D2}.Release|x64.Build.0 = Release|Any CPU
		{D3858C7F-963C-4F02-A808-9BEAF7CBE6D2}.Release|x86.ActiveCfg = Release|Any CPU
		{D3858C7F-963C-4F02-A808-9BEAF7CBE6D2}.Release|x86.Build.0 = Release|Any CPU
		{9D2FE573-5806-4B32-BB3F-D165A96118C5}.Debug|Any CPU.ActiveCfg = Debug|Any CPU
		{9D2FE573-5806-4B32-BB3F-D165A96118C5}.Debug|Any CPU.Build.0 = Debug|Any CPU
		{9D2FE573-5806-4B32-BB3F-D165A96118C5}.Debug|x64.ActiveCfg = Debug|Any CPU
		{9D2FE573-5806-4B32-BB3F-D165A96118C5}.Debug|x64.Build.0 = Debug|Any CPU
		{9D2FE573-5806-4B32-BB3F-D165A96118C5}.Debug|x86.ActiveCfg = Debug|Any CPU
		{9D2FE573-5806-4B32-BB3F-D165A96118C5}.Debug|x86.Build.0 = Debug|Any CPU
		{9D2FE573-5806-4B32-BB3F-D165A96118C5}.Release|Any CPU.ActiveCfg = Release|Any CPU
		{9D2FE573-5806-4B32-BB3F-D165A96118C5}.Release|Any CPU.Build.0 = Release|Any CPU
		{9D2FE573-5806-4B32-BB3F-D165A96118C5}.Release|x64.ActiveCfg = Release|Any CPU
		{9D2FE573-5806-4B32-BB3F-D165A96118C5}.Release|x64.Build.0 = Release|Any CPU
		{9D2FE573-5806-4B32-BB3F-D165A96118C5}.Release|x86.ActiveCfg = Release|Any CPU
		{9D2FE573-5806-4B32-BB3F-D165A96118C5}.Release|x86.Build.0 = Release|Any CPU
		{7EFCAB22-814F-41E0-8FEB-C239E22B7B30}.Debug|Any CPU.ActiveCfg = Debug|Any CPU
		{7EFCAB22-814F-41E0-8FEB-C239E22B7B30}.Debug|Any CPU.Build.0 = Debug|Any CPU
		{7EFCAB22-814F-41E0-8FEB-C239E22B7B30}.Debug|x64.ActiveCfg = Debug|Any CPU
		{7EFCAB22-814F-41E0-8FEB-C239E22B7B30}.Debug|x64.Build.0 = Debug|Any CPU
		{7EFCAB22-814F-41E0-8FEB-C239E22B7B30}.Debug|x86.ActiveCfg = Debug|Any CPU
		{7EFCAB22-814F-41E0-8FEB-C239E22B7B30}.Debug|x86.Build.0 = Debug|Any CPU
		{7EFCAB22-814F-41E0-8FEB-C239E22B7B30}.Release|Any CPU.ActiveCfg = Release|Any CPU
		{7EFCAB22-814F-41E0-8FEB-C239E22B7B30}.Release|Any CPU.Build.0 = Release|Any CPU
		{7EFCAB22-814F-41E0-8FEB-C239E22B7B30}.Release|x64.ActiveCfg = Release|Any CPU
		{7EFCAB22-814F-41E0-8FEB-C239E22B7B30}.Release|x64.Build.0 = Release|Any CPU
		{7EFCAB22-814F-41E0-8FEB-C239E22B7B30}.Release|x86.ActiveCfg = Release|Any CPU
		{7EFCAB22-814F-41E0-8FEB-C239E22B7B30}.Release|x86.Build.0 = Release|Any CPU
		{F264F8AF-9C1C-4127-A810-6A61E53484B6}.Debug|Any CPU.ActiveCfg = Debug|Any CPU
		{F264F8AF-9C1C-4127-A810-6A61E53484B6}.Debug|Any CPU.Build.0 = Debug|Any CPU
		{F264F8AF-9C1C-4127-A810-6A61E53484B6}.Debug|x64.ActiveCfg = Debug|Any CPU
		{F264F8AF-9C1C-4127-A810-6A61E53484B6}.Debug|x64.Build.0 = Debug|Any CPU
		{F264F8AF-9C1C-4127-A810-6A61E53484B6}.Debug|x86.ActiveCfg = Debug|Any CPU
		{F264F8AF-9C1C-4127-A810-6A61E53484B6}.Debug|x86.Build.0 = Debug|Any CPU
		{F264F8AF-9C1C-4127-A810-6A61E53484B6}.Release|Any CPU.ActiveCfg = Release|Any CPU
		{F264F8AF-9C1C-4127-A810-6A61E53484B6}.Release|Any CPU.Build.0 = Release|Any CPU
		{F264F8AF-9C1C-4127-A810-6A61E53484B6}.Release|x64.ActiveCfg = Release|Any CPU
		{F264F8AF-9C1C-4127-A810-6A61E53484B6}.Release|x64.Build.0 = Release|Any CPU
		{F264F8AF-9C1C-4127-A810-6A61E53484B6}.Release|x86.ActiveCfg = Release|Any CPU
		{F264F8AF-9C1C-4127-A810-6A61E53484B6}.Release|x86.Build.0 = Release|Any CPU
		{D094903C-14E0-4FE5-B993-7CFE2B2F0E7D}.Debug|Any CPU.ActiveCfg = Debug|Any CPU
		{D094903C-14E0-4FE5-B993-7CFE2B2F0E7D}.Debug|Any CPU.Build.0 = Debug|Any CPU
		{D094903C-14E0-4FE5-B993-7CFE2B2F0E7D}.Debug|x64.ActiveCfg = Debug|Any CPU
		{D094903C-14E0-4FE5-B993-7CFE2B2F0E7D}.Debug|x64.Build.0 = Debug|Any CPU
		{D094903C-14E0-4FE5-B993-7CFE2B2F0E7D}.Debug|x86.ActiveCfg = Debug|Any CPU
		{D094903C-14E0-4FE5-B993-7CFE2B2F0E7D}.Debug|x86.Build.0 = Debug|Any CPU
		{D094903C-14E0-4FE5-B993-7CFE2B2F0E7D}.Release|Any CPU.ActiveCfg = Release|Any CPU
		{D094903C-14E0-4FE5-B993-7CFE2B2F0E7D}.Release|Any CPU.Build.0 = Release|Any CPU
		{D094903C-14E0-4FE5-B993-7CFE2B2F0E7D}.Release|x64.ActiveCfg = Release|Any CPU
		{D094903C-14E0-4FE5-B993-7CFE2B2F0E7D}.Release|x64.Build.0 = Release|Any CPU
		{D094903C-14E0-4FE5-B993-7CFE2B2F0E7D}.Release|x86.ActiveCfg = Release|Any CPU
		{D094903C-14E0-4FE5-B993-7CFE2B2F0E7D}.Release|x86.Build.0 = Release|Any CPU
	EndGlobalSection
	GlobalSection(SolutionProperties) = preSolution
		HideSolutionNode = FALSE
	EndGlobalSection
	GlobalSection(NestedProjects) = preSolution
		{D094903C-14E0-4FE5-B993-7CFE2B2F0E7D} = {827E0CD3-B72D-47B6-A68D-7590B98EB39B}
	EndGlobalSection
	GlobalSection(ExtensibilityGlobals) = postSolution
		SolutionGuid = {66C77D3D-5CE0-46AA-AB31-23535549574F}
	EndGlobalSection
EndGlobal
