
Microsoft Visual Studio Solution File, Format Version 12.00
# Visual Studio Version 17
VisualStudioVersion = 17.8.34004.107
MinimumVisualStudioVersion = 16.0.0.0
Project("{FAE04EC0-301F-11D3-BF4B-00C04F79EFBC}") = "EasyUIBinding", "EasyUIBinding\EasyUIBinding.csproj", "{4BF7F9A5-45F3-4E9D-B84A-2BFB3BB51496}"
EndProject
Global
	GlobalSection(SolutionConfigurationPlatforms) = preSolution
		Debug|Any CPU = Debug|Any CPU
		Debug|x64 = Debug|x64
		Debug|x86 = Debug|x86
		Release|Any CPU = Release|Any CPU
		Release|x64 = Release|x64
		Release|x86 = Release|x86
	EndGlobalSection
	GlobalSection(ProjectConfigurationPlatforms) = postSolution
		{4BF7F9A5-45F3-4E9D-B84A-2BFB3BB51496}.Debug|Any CPU.ActiveCfg = Debug|Any CPU
		{4BF7F9A5-45F3-4E9D-B84A-2BFB3BB51496}.Debug|Any CPU.Build.0 = Debug|Any CPU
		{4BF7F9A5-45F3-4E9D-B84A-2BFB3BB51496}.Debug|x64.ActiveCfg = Debug|Any CPU
		{4BF7F9A5-45F3-4E9D-B84A-2BFB3BB51496}.Debug|x64.Build.0 = Debug|Any CPU
		{4BF7F9A5-45F3-4E9D-B84A-2BFB3BB51496}.Debug|x86.ActiveCfg = Debug|Any CPU
		{4BF7F9A5-45F3-4E9D-B84A-2BFB3BB51496}.Debug|x86.Build.0 = Debug|Any CPU
		{4BF7F9A5-45F3-4E9D-B84A-2BFB3BB51496}.Release|Any CPU.ActiveCfg = Release|Any CPU
		{4BF7F9A5-45F3-4E9D-B84A-2BFB3BB51496}.Release|Any CPU.Build.0 = Release|Any CPU
		{4BF7F9A5-45F3-4E9D-B84A-2BFB3BB51496}.Release|x64.ActiveCfg = Release|Any CPU
		{4BF7F9A5-45F3-4E9D-B84A-2BFB3BB51496}.Release|x64.Build.0 = Release|Any CPU
		{4BF7F9A5-45F3-4E9D-B84A-2BFB3BB51496}.Release|x86.ActiveCfg = Release|Any CPU
		{4BF7F9A5-45F3-4E9D-B84A-2BFB3BB51496}.Release|x86.Build.0 = Release|Any CPU
	EndGlobalSection
	GlobalSection(SolutionProperties) = preSolution
		HideSolutionNode = FALSE
	EndGlobalSection
	GlobalSection(ExtensibilityGlobals) = postSolution
		SolutionGuid = {66C77D3D-5CE0-46AA-AB31-23535549574F}
	EndGlobalSection
EndGlobal
