
Microsoft Visual Studio Solution File, Format Version 12.00
# Visual Studio Version 17
VisualStudioVersion = 17.8.34004.107
MinimumVisualStudioVersion = 16.0.0.0
Project("{FAE04EC0-301F-11D3-BF4B-00C04F79EFBC}") = "BlazorGirCoreApp", "BlazorGirCoreApp\BlazorGirCoreApp.csproj", "{85935F34-CDCB-4D83-B35D-FA8AAC9C80E4}"
EndProject
Project("{FAE04EC0-301F-11D3-BF4B-00C04F79EFBC}") = "GraphicsTester.Portable", "GraphicsTester.Portable\GraphicsTester.Portable.csproj", "{7131B822-64CF-4809-BC2E-12C9F358A911}"
EndProject
Project("{FAE04EC0-301F-11D3-BF4B-00C04F79EFBC}") = "GraphicsTester.Skia.GirCore", "GraphicsTester.Skia.GirCore\GraphicsTester.Skia.GirCore.csproj", "{10E60796-5CA7-4E16-9693-C27E76EC48C6}"
EndProject
Project("{2150E333-8FDC-42A3-9474-1A3956D46DE8}") = "Localization", "Localization", "{8670B5A8-0397-5F8B-AD18-045EC32A71D5}"
EndProject
Project("{FAE04EC0-301F-11D3-BF4B-00C04F79EFBC}") = "GirCoreApp", "Yaml.Localization\GirCoreApp\GirCoreApp.csproj", "{8A2DC9A5-D8A9-4DCB-9C2B-05994B6ADEE8}"
EndProject
Project("{FAE04EC0-301F-11D3-BF4B-00C04F79EFBC}") = "BlazorShared", "Yaml.Localization\BlazorShared\BlazorShared.csproj", "{A4917855-A47D-4C31-87A4-5671D1D30661}"
EndProject
Project("{FAE04EC0-301F-11D3-BF4B-00C04F79EFBC}") = "BlazorGirCore", "Yaml.Localization\BlazorGirCore\BlazorGirCore.csproj", "{6C0AACB3-39CE-4274-A44E-5DA70366FC0C}"
EndProject
Project("{FAE04EC0-301F-11D3-BF4B-00C04F79EFBC}") = "BlazorWasm", "Yaml.Localization\BlazorWasm\BlazorWasm.csproj", "{37001F8E-5116-4882-9FCF-C15C6EDCA651}"
EndProject
Project("{FAE04EC0-301F-11D3-BF4B-00C04F79EFBC}") = "BlazorWebAppClient", "Yaml.Localization\BlazorWebAppClient\BlazorWebAppClient.csproj", "{C7858528-A892-4696-B2AE-894CDD823A0D}"
EndProject
Project("{FAE04EC0-301F-11D3-BF4B-00C04F79EFBC}") = "BlazorWebApp", "Yaml.Localization\BlazorWebApp\BlazorWebApp.csproj", "{83C5E080-9BE3-4C0C-B958-B13FF9B665BC}"
EndProject
Project("{FAE04EC0-301F-11D3-BF4B-00C04F79EFBC}") = "QuickStart1", "QuickStart1\QuickStart1.csproj", "{0C46D5B0-98BB-41C7-92FF-FA57D2C9C0C3}"
EndProject
Project("{FAE04EC0-301F-11D3-BF4B-00C04F79EFBC}") = "EasyUIBinding", "EasyUIBinding\EasyUIBinding.csproj", "{4BF7F9A5-45F3-4E9D-B84A-2BFB3BB51496}"
EndProject
Project("{2150E333-8FDC-42A3-9474-1A3956D46DE8}") = "LiveChartsCore", "LiveChartsCore", "{4E8E7430-0FD1-C355-DFDD-9A56F2D72422}"
EndProject
Project("{FAE04EC0-301F-11D3-BF4B-00C04F79EFBC}") = "ViewModelsSamples", "LiveChartsCore\ViewModelsSamples\ViewModelsSamples.csproj", "{537A4FEA-6113-4776-8B08-FF5F2B668492}"
EndProject
Project("{FAE04EC0-301F-11D3-BF4B-00C04F79EFBC}") = "GirCoreSample", "LiveChartsCore\GirCoreSample\GirCoreSample.csproj", "{D44CC40F-00A7-4DAF-BEA4-6BCF3AE02F5B}"
EndProject
Global
	GlobalSection(SolutionConfigurationPlatforms) = preSolution
		Debug|Any CPU = Debug|Any CPU
		Debug|x64 = Debug|x64
		Debug|x86 = Debug|x86
		Release|Any CPU = Release|Any CPU
		Release|x64 = Release|x64
		Release|x86 = Release|x86
	EndGlobalSection
	GlobalSection(ProjectConfigurationPlatforms) = postSolution
		{85935F34-CDCB-4D83-B35D-FA8AAC9C80E4}.Debug|Any CPU.ActiveCfg = Debug|Any CPU
		{85935F34-CDCB-4D83-B35D-FA8AAC9C80E4}.Debug|Any CPU.Build.0 = Debug|Any CPU
		{85935F34-CDCB-4D83-B35D-FA8AAC9C80E4}.Debug|x64.ActiveCfg = Debug|Any CPU
		{85935F34-CDCB-4D83-B35D-FA8AAC9C80E4}.Debug|x64.Build.0 = Debug|Any CPU
		{85935F34-CDCB-4D83-B35D-FA8AAC9C80E4}.Debug|x86.ActiveCfg = Debug|Any CPU
		{85935F34-CDCB-4D83-B35D-FA8AAC9C80E4}.Debug|x86.Build.0 = Debug|Any CPU
		{85935F34-CDCB-4D83-B35D-FA8AAC9C80E4}.Release|Any CPU.ActiveCfg = Release|Any CPU
		{85935F34-CDCB-4D83-B35D-FA8AAC9C80E4}.Release|Any CPU.Build.0 = Release|Any CPU
		{85935F34-CDCB-4D83-B35D-FA8AAC9C80E4}.Release|x64.ActiveCfg = Release|Any CPU
		{85935F34-CDCB-4D83-B35D-FA8AAC9C80E4}.Release|x64.Build.0 = Release|Any CPU
		{85935F34-CDCB-4D83-B35D-FA8AAC9C80E4}.Release|x86.ActiveCfg = Release|Any CPU
		{85935F34-CDCB-4D83-B35D-FA8AAC9C80E4}.Release|x86.Build.0 = Release|Any CPU
		{7131B822-64CF-4809-BC2E-12C9F358A911}.Debug|Any CPU.ActiveCfg = Debug|Any CPU
		{7131B822-64CF-4809-BC2E-12C9F358A911}.Debug|Any CPU.Build.0 = Debug|Any CPU
		{7131B822-64CF-4809-BC2E-12C9F358A911}.Debug|x64.ActiveCfg = Debug|Any CPU
		{7131B822-64CF-4809-BC2E-12C9F358A911}.Debug|x64.Build.0 = Debug|Any CPU
		{7131B822-64CF-4809-BC2E-12C9F358A911}.Debug|x86.ActiveCfg = Debug|Any CPU
		{7131B822-64CF-4809-BC2E-12C9F358A911}.Debug|x86.Build.0 = Debug|Any CPU
		{7131B822-64CF-4809-BC2E-12C9F358A911}.Release|Any CPU.ActiveCfg = Release|Any CPU
		{7131B822-64CF-4809-BC2E-12C9F358A911}.Release|Any CPU.Build.0 = Release|Any CPU
		{7131B822-64CF-4809-BC2E-12C9F358A911}.Release|x64.ActiveCfg = Release|Any CPU
		{7131B822-64CF-4809-BC2E-12C9F358A911}.Release|x64.Build.0 = Release|Any CPU
		{7131B822-64CF-4809-BC2E-12C9F358A911}.Release|x86.ActiveCfg = Release|Any CPU
		{7131B822-64CF-4809-BC2E-12C9F358A911}.Release|x86.Build.0 = Release|Any CPU
		{10E60796-5CA7-4E16-9693-C27E76EC48C6}.Debug|Any CPU.ActiveCfg = Debug|Any CPU
		{10E60796-5CA7-4E16-9693-C27E76EC48C6}.Debug|Any CPU.Build.0 = Debug|Any CPU
		{10E60796-5CA7-4E16-9693-C27E76EC48C6}.Debug|x64.ActiveCfg = Debug|Any CPU
		{10E60796-5CA7-4E16-9693-C27E76EC48C6}.Debug|x64.Build.0 = Debug|Any CPU
		{10E60796-5CA7-4E16-9693-C27E76EC48C6}.Debug|x86.ActiveCfg = Debug|Any CPU
		{10E60796-5CA7-4E16-9693-C27E76EC48C6}.Debug|x86.Build.0 = Debug|Any CPU
		{10E60796-5CA7-4E16-9693-C27E76EC48C6}.Release|Any CPU.ActiveCfg = Release|Any CPU
		{10E60796-5CA7-4E16-9693-C27E76EC48C6}.Release|Any CPU.Build.0 = Release|Any CPU
		{10E60796-5CA7-4E16-9693-C27E76EC48C6}.Release|x64.ActiveCfg = Release|Any CPU
		{10E60796-5CA7-4E16-9693-C27E76EC48C6}.Release|x64.Build.0 = Release|Any CPU
		{10E60796-5CA7-4E16-9693-C27E76EC48C6}.Release|x86.ActiveCfg = Release|Any CPU
		{10E60796-5CA7-4E16-9693-C27E76EC48C6}.Release|x86.Build.0 = Release|Any CPU
		{8A2DC9A5-D8A9-4DCB-9C2B-05994B6ADEE8}.Debug|Any CPU.ActiveCfg = Debug|Any CPU
		{8A2DC9A5-D8A9-4DCB-9C2B-05994B6ADEE8}.Debug|Any CPU.Build.0 = Debug|Any CPU
		{8A2DC9A5-D8A9-4DCB-9C2B-05994B6ADEE8}.Debug|x64.ActiveCfg = Debug|Any CPU
		{8A2DC9A5-D8A9-4DCB-9C2B-05994B6ADEE8}.Debug|x64.Build.0 = Debug|Any CPU
		{8A2DC9A5-D8A9-4DCB-9C2B-05994B6ADEE8}.Debug|x86.ActiveCfg = Debug|Any CPU
		{8A2DC9A5-D8A9-4DCB-9C2B-05994B6ADEE8}.Debug|x86.Build.0 = Debug|Any CPU
		{8A2DC9A5-D8A9-4DCB-9C2B-05994B6ADEE8}.Release|Any CPU.ActiveCfg = Release|Any CPU
		{8A2DC9A5-D8A9-4DCB-9C2B-05994B6ADEE8}.Release|Any CPU.Build.0 = Release|Any CPU
		{8A2DC9A5-D8A9-4DCB-9C2B-05994B6ADEE8}.Release|x64.ActiveCfg = Release|Any CPU
		{8A2DC9A5-D8A9-4DCB-9C2B-05994B6ADEE8}.Release|x64.Build.0 = Release|Any CPU
		{8A2DC9A5-D8A9-4DCB-9C2B-05994B6ADEE8}.Release|x86.ActiveCfg = Release|Any CPU
		{8A2DC9A5-D8A9-4DCB-9C2B-05994B6ADEE8}.Release|x86.Build.0 = Release|Any CPU
		{A4917855-A47D-4C31-87A4-5671D1D30661}.Debug|Any CPU.ActiveCfg = Debug|Any CPU
		{A4917855-A47D-4C31-87A4-5671D1D30661}.Debug|Any CPU.Build.0 = Debug|Any CPU
		{A4917855-A47D-4C31-87A4-5671D1D30661}.Debug|x64.ActiveCfg = Debug|Any CPU
		{A4917855-A47D-4C31-87A4-5671D1D30661}.Debug|x64.Build.0 = Debug|Any CPU
		{A4917855-A47D-4C31-87A4-5671D1D30661}.Debug|x86.ActiveCfg = Debug|Any CPU
		{A4917855-A47D-4C31-87A4-5671D1D30661}.Debug|x86.Build.0 = Debug|Any CPU
		{A4917855-A47D-4C31-87A4-5671D1D30661}.Release|Any CPU.ActiveCfg = Release|Any CPU
		{A4917855-A47D-4C31-87A4-5671D1D30661}.Release|Any CPU.Build.0 = Release|Any CPU
		{A4917855-A47D-4C31-87A4-5671D1D30661}.Release|x64.ActiveCfg = Release|Any CPU
		{A4917855-A47D-4C31-87A4-5671D1D30661}.Release|x64.Build.0 = Release|Any CPU
		{A4917855-A47D-4C31-87A4-5671D1D30661}.Release|x86.ActiveCfg = Release|Any CPU
		{A4917855-A47D-4C31-87A4-5671D1D30661}.Release|x86.Build.0 = Release|Any CPU
		{6C0AACB3-39CE-4274-A44E-5DA70366FC0C}.Debug|Any CPU.ActiveCfg = Debug|Any CPU
		{6C0AACB3-39CE-4274-A44E-5DA70366FC0C}.Debug|Any CPU.Build.0 = Debug|Any CPU
		{6C0AACB3-39CE-4274-A44E-5DA70366FC0C}.Debug|x64.ActiveCfg = Debug|Any CPU
		{6C0AACB3-39CE-4274-A44E-5DA70366FC0C}.Debug|x64.Build.0 = Debug|Any CPU
		{6C0AACB3-39CE-4274-A44E-5DA70366FC0C}.Debug|x86.ActiveCfg = Debug|Any CPU
		{6C0AACB3-39CE-4274-A44E-5DA70366FC0C}.Debug|x86.Build.0 = Debug|Any CPU
		{6C0AACB3-39CE-4274-A44E-5DA70366FC0C}.Release|Any CPU.ActiveCfg = Release|Any CPU
		{6C0AACB3-39CE-4274-A44E-5DA70366FC0C}.Release|Any CPU.Build.0 = Release|Any CPU
		{6C0AACB3-39CE-4274-A44E-5DA70366FC0C}.Release|x64.ActiveCfg = Release|Any CPU
		{6C0AACB3-39CE-4274-A44E-5DA70366FC0C}.Release|x64.Build.0 = Release|Any CPU
		{6C0AACB3-39CE-4274-A44E-5DA70366FC0C}.Release|x86.ActiveCfg = Release|Any CPU
		{6C0AACB3-39CE-4274-A44E-5DA70366FC0C}.Release|x86.Build.0 = Release|Any CPU
		{37001F8E-5116-4882-9FCF-C15C6EDCA651}.Debug|Any CPU.ActiveCfg = Debug|Any CPU
		{37001F8E-5116-4882-9FCF-C15C6EDCA651}.Debug|Any CPU.Build.0 = Debug|Any CPU
		{37001F8E-5116-4882-9FCF-C15C6EDCA651}.Debug|x64.ActiveCfg = Debug|Any CPU
		{37001F8E-5116-4882-9FCF-C15C6EDCA651}.Debug|x64.Build.0 = Debug|Any CPU
		{37001F8E-5116-4882-9FCF-C15C6EDCA651}.Debug|x86.ActiveCfg = Debug|Any CPU
		{37001F8E-5116-4882-9FCF-C15C6EDCA651}.Debug|x86.Build.0 = Debug|Any CPU
		{37001F8E-5116-4882-9FCF-C15C6EDCA651}.Release|Any CPU.ActiveCfg = Release|Any CPU
		{37001F8E-5116-4882-9FCF-C15C6EDCA651}.Release|Any CPU.Build.0 = Release|Any CPU
		{37001F8E-5116-4882-9FCF-C15C6EDCA651}.Release|x64.ActiveCfg = Release|Any CPU
		{37001F8E-5116-4882-9FCF-C15C6EDCA651}.Release|x64.Build.0 = Release|Any CPU
		{37001F8E-5116-4882-9FCF-C15C6EDCA651}.Release|x86.ActiveCfg = Release|Any CPU
		{37001F8E-5116-4882-9FCF-C15C6EDCA651}.Release|x86.Build.0 = Release|Any CPU
		{C7858528-A892-4696-B2AE-894CDD823A0D}.Debug|Any CPU.ActiveCfg = Debug|Any CPU
		{C7858528-A892-4696-B2AE-894CDD823A0D}.Debug|Any CPU.Build.0 = Debug|Any CPU
		{C7858528-A892-4696-B2AE-894CDD823A0D}.Debug|x64.ActiveCfg = Debug|Any CPU
		{C7858528-A892-4696-B2AE-894CDD823A0D}.Debug|x64.Build.0 = Debug|Any CPU
		{C7858528-A892-4696-B2AE-894CDD823A0D}.Debug|x86.ActiveCfg = Debug|Any CPU
		{C7858528-A892-4696-B2AE-894CDD823A0D}.Debug|x86.Build.0 = Debug|Any CPU
		{C7858528-A892-4696-B2AE-894CDD823A0D}.Release|Any CPU.ActiveCfg = Release|Any CPU
		{C7858528-A892-4696-B2AE-894CDD823A0D}.Release|Any CPU.Build.0 = Release|Any CPU
		{C7858528-A892-4696-B2AE-894CDD823A0D}.Release|x64.ActiveCfg = Release|Any CPU
		{C7858528-A892-4696-B2AE-894CDD823A0D}.Release|x64.Build.0 = Release|Any CPU
		{C7858528-A892-4696-B2AE-894CDD823A0D}.Release|x86.ActiveCfg = Release|Any CPU
		{C7858528-A892-4696-B2AE-894CDD823A0D}.Release|x86.Build.0 = Release|Any CPU
		{83C5E080-9BE3-4C0C-B958-B13FF9B665BC}.Debug|Any CPU.ActiveCfg = Debug|Any CPU
		{83C5E080-9BE3-4C0C-B958-B13FF9B665BC}.Debug|Any CPU.Build.0 = Debug|Any CPU
		{83C5E080-9BE3-4C0C-B958-B13FF9B665BC}.Debug|x64.ActiveCfg = Debug|Any CPU
		{83C5E080-9BE3-4C0C-B958-B13FF9B665BC}.Debug|x64.Build.0 = Debug|Any CPU
		{83C5E080-9BE3-4C0C-B958-B13FF9B665BC}.Debug|x86.ActiveCfg = Debug|Any CPU
		{83C5E080-9BE3-4C0C-B958-B13FF9B665BC}.Debug|x86.Build.0 = Debug|Any CPU
		{83C5E080-9BE3-4C0C-B958-B13FF9B665BC}.Release|Any CPU.ActiveCfg = Release|Any CPU
		{83C5E080-9BE3-4C0C-B958-B13FF9B665BC}.Release|Any CPU.Build.0 = Release|Any CPU
		{83C5E080-9BE3-4C0C-B958-B13FF9B665BC}.Release|x64.ActiveCfg = Release|Any CPU
		{83C5E080-9BE3-4C0C-B958-B13FF9B665BC}.Release|x64.Build.0 = Release|Any CPU
		{83C5E080-9BE3-4C0C-B958-B13FF9B665BC}.Release|x86.ActiveCfg = Release|Any CPU
		{83C5E080-9BE3-4C0C-B958-B13FF9B665BC}.Release|x86.Build.0 = Release|Any CPU
		{0C46D5B0-98BB-41C7-92FF-FA57D2C9C0C3}.Debug|Any CPU.ActiveCfg = Debug|Any CPU
		{0C46D5B0-98BB-41C7-92FF-FA57D2C9C0C3}.Debug|Any CPU.Build.0 = Debug|Any CPU
		{0C46D5B0-98BB-41C7-92FF-FA57D2C9C0C3}.Debug|x64.ActiveCfg = Debug|Any CPU
		{0C46D5B0-98BB-41C7-92FF-FA57D2C9C0C3}.Debug|x64.Build.0 = Debug|Any CPU
		{0C46D5B0-98BB-41C7-92FF-FA57D2C9C0C3}.Debug|x86.ActiveCfg = Debug|Any CPU
		{0C46D5B0-98BB-41C7-92FF-FA57D2C9C0C3}.Debug|x86.Build.0 = Debug|Any CPU
		{0C46D5B0-98BB-41C7-92FF-FA57D2C9C0C3}.Release|Any CPU.ActiveCfg = Release|Any CPU
		{0C46D5B0-98BB-41C7-92FF-FA57D2C9C0C3}.Release|Any CPU.Build.0 = Release|Any CPU
		{0C46D5B0-98BB-41C7-92FF-FA57D2C9C0C3}.Release|x64.ActiveCfg = Release|Any CPU
		{0C46D5B0-98BB-41C7-92FF-FA57D2C9C0C3}.Release|x64.Build.0 = Release|Any CPU
		{0C46D5B0-98BB-41C7-92FF-FA57D2C9C0C3}.Release|x86.ActiveCfg = Release|Any CPU
		{0C46D5B0-98BB-41C7-92FF-FA57D2C9C0C3}.Release|x86.Build.0 = Release|Any CPU
		{4BF7F9A5-45F3-4E9D-B84A-2BFB3BB51496}.Debug|Any CPU.ActiveCfg = Debug|Any CPU
		{4BF7F9A5-45F3-4E9D-B84A-2BFB3BB51496}.Debug|Any CPU.Build.0 = Debug|Any CPU
		{4BF7F9A5-45F3-4E9D-B84A-2BFB3BB51496}.Debug|x64.ActiveCfg = Debug|Any CPU
		{4BF7F9A5-45F3-4E9D-B84A-2BFB3BB51496}.Debug|x64.Build.0 = Debug|Any CPU
		{4BF7F9A5-45F3-4E9D-B84A-2BFB3BB51496}.Debug|x86.ActiveCfg = Debug|Any CPU
		{4BF7F9A5-45F3-4E9D-B84A-2BFB3BB51496}.Debug|x86.Build.0 = Debug|Any CPU
		{4BF7F9A5-45F3-4E9D-B84A-2BFB3BB51496}.Release|Any CPU.ActiveCfg = Release|Any CPU
		{4BF7F9A5-45F3-4E9D-B84A-2BFB3BB51496}.Release|Any CPU.Build.0 = Release|Any CPU
		{4BF7F9A5-45F3-4E9D-B84A-2BFB3BB51496}.Release|x64.ActiveCfg = Release|Any CPU
		{4BF7F9A5-45F3-4E9D-B84A-2BFB3BB51496}.Release|x64.Build.0 = Release|Any CPU
		{4BF7F9A5-45F3-4E9D-B84A-2BFB3BB51496}.Release|x86.ActiveCfg = Release|Any CPU
		{4BF7F9A5-45F3-4E9D-B84A-2BFB3BB51496}.Release|x86.Build.0 = Release|Any CPU
		{537A4FEA-6113-4776-8B08-FF5F2B668492}.Debug|Any CPU.ActiveCfg = Debug|Any CPU
		{537A4FEA-6113-4776-8B08-FF5F2B668492}.Debug|Any CPU.Build.0 = Debug|Any CPU
		{537A4FEA-6113-4776-8B08-FF5F2B668492}.Debug|x64.ActiveCfg = Debug|Any CPU
		{537A4FEA-6113-4776-8B08-FF5F2B668492}.Debug|x64.Build.0 = Debug|Any CPU
		{537A4FEA-6113-4776-8B08-FF5F2B668492}.Debug|x86.ActiveCfg = Debug|Any CPU
		{537A4FEA-6113-4776-8B08-FF5F2B668492}.Debug|x86.Build.0 = Debug|Any CPU
		{537A4FEA-6113-4776-8B08-FF5F2B668492}.Release|Any CPU.ActiveCfg = Release|Any CPU
		{537A4FEA-6113-4776-8B08-FF5F2B668492}.Release|Any CPU.Build.0 = Release|Any CPU
		{537A4FEA-6113-4776-8B08-FF5F2B668492}.Release|x64.ActiveCfg = Release|Any CPU
		{537A4FEA-6113-4776-8B08-FF5F2B668492}.Release|x64.Build.0 = Release|Any CPU
		{537A4FEA-6113-4776-8B08-FF5F2B668492}.Release|x86.ActiveCfg = Release|Any CPU
		{537A4FEA-6113-4776-8B08-FF5F2B668492}.Release|x86.Build.0 = Release|Any CPU
		{D44CC40F-00A7-4DAF-BEA4-6BCF3AE02F5B}.Debug|Any CPU.ActiveCfg = Debug|Any CPU
		{D44CC40F-00A7-4DAF-BEA4-6BCF3AE02F5B}.Debug|Any CPU.Build.0 = Debug|Any CPU
		{D44CC40F-00A7-4DAF-BEA4-6BCF3AE02F5B}.Debug|x64.ActiveCfg = Debug|Any CPU
		{D44CC40F-00A7-4DAF-BEA4-6BCF3AE02F5B}.Debug|x64.Build.0 = Debug|Any CPU
		{D44CC40F-00A7-4DAF-BEA4-6BCF3AE02F5B}.Debug|x86.ActiveCfg = Debug|Any CPU
		{D44CC40F-00A7-4DAF-BEA4-6BCF3AE02F5B}.Debug|x86.Build.0 = Debug|Any CPU
		{D44CC40F-00A7-4DAF-BEA4-6BCF3AE02F5B}.Release|Any CPU.ActiveCfg = Release|Any CPU
		{D44CC40F-00A7-4DAF-BEA4-6BCF3AE02F5B}.Release|Any CPU.Build.0 = Release|Any CPU
		{D44CC40F-00A7-4DAF-BEA4-6BCF3AE02F5B}.Release|x64.ActiveCfg = Release|Any CPU
		{D44CC40F-00A7-4DAF-BEA4-6BCF3AE02F5B}.Release|x64.Build.0 = Release|Any CPU
		{D44CC40F-00A7-4DAF-BEA4-6BCF3AE02F5B}.Release|x86.ActiveCfg = Release|Any CPU
		{D44CC40F-00A7-4DAF-BEA4-6BCF3AE02F5B}.Release|x86.Build.0 = Release|Any CPU
	EndGlobalSection
	GlobalSection(SolutionProperties) = preSolution
		HideSolutionNode = FALSE
	EndGlobalSection
	GlobalSection(NestedProjects) = preSolution
		{A4917855-A47D-4C31-87A4-5671D1D30661} = {8670B5A8-0397-5F8B-AD18-045EC32A71D5}
		{6C0AACB3-39CE-4274-A44E-5DA70366FC0C} = {8670B5A8-0397-5F8B-AD18-045EC32A71D5}
		{37001F8E-5116-4882-9FCF-C15C6EDCA651} = {8670B5A8-0397-5F8B-AD18-045EC32A71D5}
		{C7858528-A892-4696-B2AE-894CDD823A0D} = {8670B5A8-0397-5F8B-AD18-045EC32A71D5}
		{83C5E080-9BE3-4C0C-B958-B13FF9B665BC} = {8670B5A8-0397-5F8B-AD18-045EC32A71D5}
		{537A4FEA-6113-4776-8B08-FF5F2B668492} = {4E8E7430-0FD1-C355-DFDD-9A56F2D72422}
		{D44CC40F-00A7-4DAF-BEA4-6BCF3AE02F5B} = {4E8E7430-0FD1-C355-DFDD-9A56F2D72422}
	EndGlobalSection
	GlobalSection(ExtensibilityGlobals) = postSolution
		SolutionGuid = {66C77D3D-5CE0-46AA-AB31-23535549574F}
	EndGlobalSection
EndGlobal
