
Microsoft Visual Studio Solution File, Format Version 12.00
# Visual Studio Version 17
VisualStudioVersion = 17.8.34004.107
MinimumVisualStudioVersion = 16.0.0.0
Project("{FAE04EC0-301F-11D3-BF4B-00C04F79EFBC}") = "NBody", "N-body\src\NBody.csproj", "{28A57814-BDE4-4F70-9F19-462CA656B58E}"
EndProject
Project("{FAE04EC0-301F-11D3-BF4B-00C04F79EFBC}") = "Gomoku", "Gomoku\src\Gomoku.csproj", "{03279766-E7A6-40F3-BEBF-83658CC53FBB}"
EndProject
Global
	GlobalSection(SolutionConfigurationPlatforms) = preSolution
		Debug|Any CPU = Debug|Any CPU
		Debug|x64 = Debug|x64
		Debug|x86 = Debug|x86
		Release|Any CPU = Release|Any CPU
		Release|x64 = Release|x64
		Release|x86 = Release|x86
	EndGlobalSection
	GlobalSection(ProjectConfigurationPlatforms) = postSolution
		{28A57814-BDE4-4F70-9F19-462CA656B58E}.Debug|Any CPU.ActiveCfg = Debug|Any CPU
		{28A57814-BDE4-4F70-9F19-462CA656B58E}.Debug|Any CPU.Build.0 = Debug|Any CPU
		{28A57814-BDE4-4F70-9F19-462CA656B58E}.Debug|x64.ActiveCfg = Debug|Any CPU
		{28A57814-BDE4-4F70-9F19-462CA656B58E}.Debug|x64.Build.0 = Debug|Any CPU
		{28A57814-BDE4-4F70-9F19-462CA656B58E}.Debug|x86.ActiveCfg = Debug|Any CPU
		{28A57814-BDE4-4F70-9F19-462CA656B58E}.Debug|x86.Build.0 = Debug|Any CPU
		{28A57814-BDE4-4F70-9F19-462CA656B58E}.Release|Any CPU.ActiveCfg = Release|Any CPU
		{28A57814-BDE4-4F70-9F19-462CA656B58E}.Release|Any CPU.Build.0 = Release|Any CPU
		{28A57814-BDE4-4F70-9F19-462CA656B58E}.Release|x64.ActiveCfg = Release|Any CPU
		{28A57814-BDE4-4F70-9F19-462CA656B58E}.Release|x64.Build.0 = Release|Any CPU
		{28A57814-BDE4-4F70-9F19-462CA656B58E}.Release|x86.ActiveCfg = Release|Any CPU
		{28A57814-BDE4-4F70-9F19-462CA656B58E}.Release|x86.Build.0 = Release|Any CPU
		{03279766-E7A6-40F3-BEBF-83658CC53FBB}.Debug|Any CPU.ActiveCfg = Debug|Any CPU
		{03279766-E7A6-40F3-BEBF-83658CC53FBB}.Debug|Any CPU.Build.0 = Debug|Any CPU
		{03279766-E7A6-40F3-BEBF-83658CC53FBB}.Debug|x64.ActiveCfg = Debug|Any CPU
		{03279766-E7A6-40F3-BEBF-83658CC53FBB}.Debug|x64.Build.0 = Debug|Any CPU
		{03279766-E7A6-40F3-BEBF-83658CC53FBB}.Debug|x86.ActiveCfg = Debug|Any CPU
		{03279766-E7A6-40F3-BEBF-83658CC53FBB}.Debug|x86.Build.0 = Debug|Any CPU
		{03279766-E7A6-40F3-BEBF-83658CC53FBB}.Release|Any CPU.ActiveCfg = Release|Any CPU
		{03279766-E7A6-40F3-BEBF-83658CC53FBB}.Release|Any CPU.Build.0 = Release|Any CPU
		{03279766-E7A6-40F3-BEBF-83658CC53FBB}.Release|x64.ActiveCfg = Release|Any CPU
		{03279766-E7A6-40F3-BEBF-83658CC53FBB}.Release|x64.Build.0 = Release|Any CPU
		{03279766-E7A6-40F3-BEBF-83658CC53FBB}.Release|x86.ActiveCfg = Release|Any CPU
		{03279766-E7A6-40F3-BEBF-83658CC53FBB}.Release|x86.Build.0 = Release|Any CPU
	EndGlobalSection
	GlobalSection(SolutionProperties) = preSolution
		HideSolutionNode = FALSE
	EndGlobalSection
	GlobalSection(ExtensibilityGlobals) = postSolution
		SolutionGuid = {66C77D3D-5CE0-46AA-AB31-23535549574F}
	EndGlobalSection
EndGlobal
